
Microsoft Visual Studio Solution File, Format Version 12.00
# Visual Studio 2013
VisualStudioVersion = 12.0.31101.0
MinimumVisualStudioVersion = 10.0.40219.1
Project("{FAE04EC0-301F-11D3-BF4B-00C04F79EFBC}") = "MokkosuCore", "MokkosuCore\MokkosuCore.csproj", "{9CBBD81B-A4D7-4340-968D-0E7C2B33C01A}"
EndProject
Project("{FAE04EC0-301F-11D3-BF4B-00C04F79EFBC}") = "MokkosuCompiler", "MokkosuCompiler\MokkosuCompiler.csproj", "{3F18EB63-1DA5-488B-BC06-F461A79352CA}"
EndProject
Project("{FAE04EC0-301F-11D3-BF4B-00C04F79EFBC}") = "MokkosuPad", "MokkosuPad\MokkosuPad.csproj", "{EAAA889C-F677-48C1-90FC-6C92D457CD91}"
EndProject
Global
	GlobalSection(SolutionConfigurationPlatforms) = preSolution
		CD_ROM|Any CPU = CD_ROM|Any CPU
		CD_ROM|Mixed Platforms = CD_ROM|Mixed Platforms
		CD_ROM|x86 = CD_ROM|x86
		Debug|Any CPU = Debug|Any CPU
		Debug|Mixed Platforms = Debug|Mixed Platforms
		Debug|x86 = Debug|x86
		DVD-5|Any CPU = DVD-5|Any CPU
		DVD-5|Mixed Platforms = DVD-5|Mixed Platforms
		DVD-5|x86 = DVD-5|x86
		Release|Any CPU = Release|Any CPU
		Release|Mixed Platforms = Release|Mixed Platforms
		Release|x86 = Release|x86
		SingleImage|Any CPU = SingleImage|Any CPU
		SingleImage|Mixed Platforms = SingleImage|Mixed Platforms
		SingleImage|x86 = SingleImage|x86
	EndGlobalSection
	GlobalSection(ProjectConfigurationPlatforms) = postSolution
		{9CBBD81B-A4D7-4340-968D-0E7C2B33C01A}.CD_ROM|Any CPU.ActiveCfg = Release|Any CPU
		{9CBBD81B-A4D7-4340-968D-0E7C2B33C01A}.CD_ROM|Any CPU.Build.0 = Release|Any CPU
		{9CBBD81B-A4D7-4340-968D-0E7C2B33C01A}.CD_ROM|Mixed Platforms.ActiveCfg = Release|Any CPU
		{9CBBD81B-A4D7-4340-968D-0E7C2B33C01A}.CD_ROM|Mixed Platforms.Build.0 = Release|Any CPU
		{9CBBD81B-A4D7-4340-968D-0E7C2B33C01A}.CD_ROM|x86.ActiveCfg = Release|Any CPU
		{9CBBD81B-A4D7-4340-968D-0E7C2B33C01A}.Debug|Any CPU.ActiveCfg = Debug|Any CPU
		{9CBBD81B-A4D7-4340-968D-0E7C2B33C01A}.Debug|Any CPU.Build.0 = Debug|Any CPU
		{9CBBD81B-A4D7-4340-968D-0E7C2B33C01A}.Debug|Mixed Platforms.ActiveCfg = Debug|Any CPU
		{9CBBD81B-A4D7-4340-968D-0E7C2B33C01A}.Debug|Mixed Platforms.Build.0 = Debug|Any CPU
		{9CBBD81B-A4D7-4340-968D-0E7C2B33C01A}.Debug|x86.ActiveCfg = Debug|Any CPU
		{9CBBD81B-A4D7-4340-968D-0E7C2B33C01A}.DVD-5|Any CPU.ActiveCfg = Debug|Any CPU
		{9CBBD81B-A4D7-4340-968D-0E7C2B33C01A}.DVD-5|Any CPU.Build.0 = Debug|Any CPU
		{9CBBD81B-A4D7-4340-968D-0E7C2B33C01A}.DVD-5|Mixed Platforms.ActiveCfg = Debug|Any CPU
		{9CBBD81B-A4D7-4340-968D-0E7C2B33C01A}.DVD-5|Mixed Platforms.Build.0 = Debug|Any CPU
		{9CBBD81B-A4D7-4340-968D-0E7C2B33C01A}.DVD-5|x86.ActiveCfg = Debug|Any CPU
		{9CBBD81B-A4D7-4340-968D-0E7C2B33C01A}.Release|Any CPU.ActiveCfg = Release|Any CPU
		{9CBBD81B-A4D7-4340-968D-0E7C2B33C01A}.Release|Any CPU.Build.0 = Release|Any CPU
		{9CBBD81B-A4D7-4340-968D-0E7C2B33C01A}.Release|Mixed Platforms.ActiveCfg = Release|Any CPU
		{9CBBD81B-A4D7-4340-968D-0E7C2B33C01A}.Release|Mixed Platforms.Build.0 = Release|Any CPU
		{9CBBD81B-A4D7-4340-968D-0E7C2B33C01A}.Release|x86.ActiveCfg = Release|Any CPU
		{9CBBD81B-A4D7-4340-968D-0E7C2B33C01A}.SingleImage|Any CPU.ActiveCfg = Release|Any CPU
		{9CBBD81B-A4D7-4340-968D-0E7C2B33C01A}.SingleImage|Any CPU.Build.0 = Release|Any CPU
		{9CBBD81B-A4D7-4340-968D-0E7C2B33C01A}.SingleImage|Mixed Platforms.ActiveCfg = Release|Any CPU
		{9CBBD81B-A4D7-4340-968D-0E7C2B33C01A}.SingleImage|Mixed Platforms.Build.0 = Release|Any CPU
		{9CBBD81B-A4D7-4340-968D-0E7C2B33C01A}.SingleImage|x86.ActiveCfg = Release|Any CPU
		{3F18EB63-1DA5-488B-BC06-F461A79352CA}.CD_ROM|Any CPU.ActiveCfg = Release|Any CPU
		{3F18EB63-1DA5-488B-BC06-F461A79352CA}.CD_ROM|Any CPU.Build.0 = Release|Any CPU
		{3F18EB63-1DA5-488B-BC06-F461A79352CA}.CD_ROM|Mixed Platforms.ActiveCfg = Release|Any CPU
		{3F18EB63-1DA5-488B-BC06-F461A79352CA}.CD_ROM|Mixed Platforms.Build.0 = Release|Any CPU
		{3F18EB63-1DA5-488B-BC06-F461A79352CA}.CD_ROM|x86.ActiveCfg = Release|Any CPU
		{3F18EB63-1DA5-488B-BC06-F461A79352CA}.Debug|Any CPU.ActiveCfg = Debug|Any CPU
		{3F18EB63-1DA5-488B-BC06-F461A79352CA}.Debug|Any CPU.Build.0 = Debug|Any CPU
		{3F18EB63-1DA5-488B-BC06-F461A79352CA}.Debug|Mixed Platforms.ActiveCfg = Debug|Any CPU
		{3F18EB63-1DA5-488B-BC06-F461A79352CA}.Debug|Mixed Platforms.Build.0 = Debug|Any CPU
		{3F18EB63-1DA5-488B-BC06-F461A79352CA}.Debug|x86.ActiveCfg = Debug|Any CPU
		{3F18EB63-1DA5-488B-BC06-F461A79352CA}.DVD-5|Any CPU.ActiveCfg = Debug|Any CPU
		{3F18EB63-1DA5-488B-BC06-F461A79352CA}.DVD-5|Any CPU.Build.0 = Debug|Any CPU
		{3F18EB63-1DA5-488B-BC06-F461A79352CA}.DVD-5|Mixed Platforms.ActiveCfg = Debug|Any CPU
		{3F18EB63-1DA5-488B-BC06-F461A79352CA}.DVD-5|Mixed Platforms.Build.0 = Debug|Any CPU
		{3F18EB63-1DA5-488B-BC06-F461A79352CA}.DVD-5|x86.ActiveCfg = Debug|Any CPU
		{3F18EB63-1DA5-488B-BC06-F461A79352CA}.Release|Any CPU.ActiveCfg = Release|Any CPU
		{3F18EB63-1DA5-488B-BC06-F461A79352CA}.Release|Any CPU.Build.0 = Release|Any CPU
		{3F18EB63-1DA5-488B-BC06-F461A79352CA}.Release|Mixed Platforms.ActiveCfg = Release|Any CPU
		{3F18EB63-1DA5-488B-BC06-F461A79352CA}.Release|Mixed Platforms.Build.0 = Release|Any CPU
		{3F18EB63-1DA5-488B-BC06-F461A79352CA}.Release|x86.ActiveCfg = Release|Any CPU
		{3F18EB63-1DA5-488B-BC06-F461A79352CA}.SingleImage|Any CPU.ActiveCfg = Release|Any CPU
		{3F18EB63-1DA5-488B-BC06-F461A79352CA}.SingleImage|Any CPU.Build.0 = Release|Any CPU
		{3F18EB63-1DA5-488B-BC06-F461A79352CA}.SingleImage|Mixed Platforms.ActiveCfg = Release|Any CPU
		{3F18EB63-1DA5-488B-BC06-F461A79352CA}.SingleImage|Mixed Platforms.Build.0 = Release|Any CPU
		{3F18EB63-1DA5-488B-BC06-F461A79352CA}.SingleImage|x86.ActiveCfg = Release|Any CPU
		{EAAA889C-F677-48C1-90FC-6C92D457CD91}.CD_ROM|Any CPU.ActiveCfg = Release|x86
		{EAAA889C-F677-48C1-90FC-6C92D457CD91}.CD_ROM|Mixed Platforms.ActiveCfg = Release|x86
		{EAAA889C-F677-48C1-90FC-6C92D457CD91}.CD_ROM|Mixed Platforms.Build.0 = Release|x86
		{EAAA889C-F677-48C1-90FC-6C92D457CD91}.CD_ROM|x86.ActiveCfg = Release|x86
		{EAAA889C-F677-48C1-90FC-6C92D457CD91}.CD_ROM|x86.Build.0 = Release|x86
		{EAAA889C-F677-48C1-90FC-6C92D457CD91}.Debug|Any CPU.ActiveCfg = Debug|x86
		{EAAA889C-F677-48C1-90FC-6C92D457CD91}.Debug|Mixed Platforms.ActiveCfg = Debug|x86
		{EAAA889C-F677-48C1-90FC-6C92D457CD91}.Debug|Mixed Platforms.Build.0 = Debug|x86
		{EAAA889C-F677-48C1-90FC-6C92D457CD91}.Debug|x86.ActiveCfg = Debug|x86
		{EAAA889C-F677-48C1-90FC-6C92D457CD91}.Debug|x86.Build.0 = Debug|x86
		{EAAA889C-F677-48C1-90FC-6C92D457CD91}.DVD-5|Any CPU.ActiveCfg = Debug|x86
		{EAAA889C-F677-48C1-90FC-6C92D457CD91}.DVD-5|Mixed Platforms.ActiveCfg = Debug|x86
		{EAAA889C-F677-48C1-90FC-6C92D457CD91}.DVD-5|Mixed Platforms.Build.0 = Debug|x86
		{EAAA889C-F677-48C1-90FC-6C92D457CD91}.DVD-5|x86.ActiveCfg = Debug|x86
		{EAAA889C-F677-48C1-90FC-6C92D457CD91}.DVD-5|x86.Build.0 = Debug|x86
		{EAAA889C-F677-48C1-90FC-6C92D457CD91}.Release|Any CPU.ActiveCfg = Release|x86
		{EAAA889C-F677-48C1-90FC-6C92D457CD91}.Release|Mixed Platforms.ActiveCfg = Release|x86
		{EAAA889C-F677-48C1-90FC-6C92D457CD91}.Release|Mixed Platforms.Build.0 = Release|x86
		{EAAA889C-F677-48C1-90FC-6C92D457CD91}.Release|x86.ActiveCfg = Release|x86
		{EAAA889C-F677-48C1-90FC-6C92D457CD91}.Release|x86.Build.0 = Release|x86
		{EAAA889C-F677-48C1-90FC-6C92D457CD91}.SingleImage|Any CPU.ActiveCfg = Release|x86
		{EAAA889C-F677-48C1-90FC-6C92D457CD91}.SingleImage|Mixed Platforms.ActiveCfg = Release|x86
		{EAAA889C-F677-48C1-90FC-6C92D457CD91}.SingleImage|Mixed Platforms.Build.0 = Release|x86
		{EAAA889C-F677-48C1-90FC-6C92D457CD91}.SingleImage|x86.ActiveCfg = Release|x86
		{EAAA889C-F677-48C1-90FC-6C92D457CD91}.SingleImage|x86.Build.0 = Release|x86
	EndGlobalSection
	GlobalSection(SolutionProperties) = preSolution
		HideSolutionNode = FALSE
	EndGlobalSection
EndGlobal
