
Microsoft Visual Studio Solution File, Format Version 12.00
# Visual Studio 2013
VisualStudioVersion = 12.0.31101.0
MinimumVisualStudioVersion = 10.0.40219.1
Project("{FAE04EC0-301F-11D3-BF4B-00C04F79EFBC}") = "MokkosuIDE", "MokkosuIDE\MokkosuIDE.csproj", "{4B73A169-87C3-460E-9AE3-94DE1F1788E9}"
EndProject
Project("{FAE04EC0-301F-11D3-BF4B-00C04F79EFBC}") = "MokkosuSupport", "MokkosuSupport\MokkosuSupport.csproj", "{8767286C-AEAD-4E73-8C6B-5E72552BF35B}"
EndProject
Project("{FAE04EC0-301F-11D3-BF4B-00C04F79EFBC}") = "MokkosuCore", "MokkosuCore\MokkosuCore.csproj", "{9CBBD81B-A4D7-4340-968D-0E7C2B33C01A}"
EndProject
Project("{FAE04EC0-301F-11D3-BF4B-00C04F79EFBC}") = "MokkosuInterpreter", "MokkosuInterpreter\MokkosuInterpreter.csproj", "{254A1CF2-7BAA-47A9-B613-F6C3F6AB10CB}"
EndProject
Project("{FAE04EC0-301F-11D3-BF4B-00C04F79EFBC}") = "MokkosuCompiler", "MokkosuCompiler\MokkosuCompiler.csproj", "{3F18EB63-1DA5-488B-BC06-F461A79352CA}"
EndProject
Project("{FAE04EC0-301F-11D3-BF4B-00C04F79EFBC}") = "MokkosuTypechecker", "MokkosuTypechecker\MokkosuTypechecker.csproj", "{260D8997-0D36-46D8-B9D4-7B2865179855}"
EndProject
Global
	GlobalSection(SolutionConfigurationPlatforms) = preSolution
		Debug|Any CPU = Debug|Any CPU
		Debug|Mixed Platforms = Debug|Mixed Platforms
		Debug|x86 = Debug|x86
		Release|Any CPU = Release|Any CPU
		Release|Mixed Platforms = Release|Mixed Platforms
		Release|x86 = Release|x86
	EndGlobalSection
	GlobalSection(ProjectConfigurationPlatforms) = postSolution
		{4B73A169-87C3-460E-9AE3-94DE1F1788E9}.Debug|Any CPU.ActiveCfg = Debug|x86
		{4B73A169-87C3-460E-9AE3-94DE1F1788E9}.Debug|Mixed Platforms.ActiveCfg = Debug|x86
		{4B73A169-87C3-460E-9AE3-94DE1F1788E9}.Debug|Mixed Platforms.Build.0 = Debug|x86
		{4B73A169-87C3-460E-9AE3-94DE1F1788E9}.Debug|x86.ActiveCfg = Debug|x86
		{4B73A169-87C3-460E-9AE3-94DE1F1788E9}.Debug|x86.Build.0 = Debug|x86
		{4B73A169-87C3-460E-9AE3-94DE1F1788E9}.Release|Any CPU.ActiveCfg = Release|x86
		{4B73A169-87C3-460E-9AE3-94DE1F1788E9}.Release|Mixed Platforms.ActiveCfg = Release|x86
		{4B73A169-87C3-460E-9AE3-94DE1F1788E9}.Release|Mixed Platforms.Build.0 = Release|x86
		{4B73A169-87C3-460E-9AE3-94DE1F1788E9}.Release|x86.ActiveCfg = Release|x86
		{4B73A169-87C3-460E-9AE3-94DE1F1788E9}.Release|x86.Build.0 = Release|x86
		{8767286C-AEAD-4E73-8C6B-5E72552BF35B}.Debug|Any CPU.ActiveCfg = Debug|Any CPU
		{8767286C-AEAD-4E73-8C6B-5E72552BF35B}.Debug|Any CPU.Build.0 = Debug|Any CPU
		{8767286C-AEAD-4E73-8C6B-5E72552BF35B}.Debug|Mixed Platforms.ActiveCfg = Debug|Any CPU
		{8767286C-AEAD-4E73-8C6B-5E72552BF35B}.Debug|Mixed Platforms.Build.0 = Debug|Any CPU
		{8767286C-AEAD-4E73-8C6B-5E72552BF35B}.Debug|x86.ActiveCfg = Debug|Any CPU
		{8767286C-AEAD-4E73-8C6B-5E72552BF35B}.Release|Any CPU.ActiveCfg = Release|Any CPU
		{8767286C-AEAD-4E73-8C6B-5E72552BF35B}.Release|Any CPU.Build.0 = Release|Any CPU
		{8767286C-AEAD-4E73-8C6B-5E72552BF35B}.Release|Mixed Platforms.ActiveCfg = Release|Any CPU
		{8767286C-AEAD-4E73-8C6B-5E72552BF35B}.Release|Mixed Platforms.Build.0 = Release|Any CPU
		{8767286C-AEAD-4E73-8C6B-5E72552BF35B}.Release|x86.ActiveCfg = Release|Any CPU
		{9CBBD81B-A4D7-4340-968D-0E7C2B33C01A}.Debug|Any CPU.ActiveCfg = Debug|Any CPU
		{9CBBD81B-A4D7-4340-968D-0E7C2B33C01A}.Debug|Any CPU.Build.0 = Debug|Any CPU
		{9CBBD81B-A4D7-4340-968D-0E7C2B33C01A}.Debug|Mixed Platforms.ActiveCfg = Debug|Any CPU
		{9CBBD81B-A4D7-4340-968D-0E7C2B33C01A}.Debug|Mixed Platforms.Build.0 = Debug|Any CPU
		{9CBBD81B-A4D7-4340-968D-0E7C2B33C01A}.Debug|x86.ActiveCfg = Debug|Any CPU
		{9CBBD81B-A4D7-4340-968D-0E7C2B33C01A}.Release|Any CPU.ActiveCfg = Release|Any CPU
		{9CBBD81B-A4D7-4340-968D-0E7C2B33C01A}.Release|Any CPU.Build.0 = Release|Any CPU
		{9CBBD81B-A4D7-4340-968D-0E7C2B33C01A}.Release|Mixed Platforms.ActiveCfg = Release|Any CPU
		{9CBBD81B-A4D7-4340-968D-0E7C2B33C01A}.Release|Mixed Platforms.Build.0 = Release|Any CPU
		{9CBBD81B-A4D7-4340-968D-0E7C2B33C01A}.Release|x86.ActiveCfg = Release|Any CPU
		{254A1CF2-7BAA-47A9-B613-F6C3F6AB10CB}.Debug|Any CPU.ActiveCfg = Debug|Any CPU
		{254A1CF2-7BAA-47A9-B613-F6C3F6AB10CB}.Debug|Any CPU.Build.0 = Debug|Any CPU
		{254A1CF2-7BAA-47A9-B613-F6C3F6AB10CB}.Debug|Mixed Platforms.ActiveCfg = Debug|Any CPU
		{254A1CF2-7BAA-47A9-B613-F6C3F6AB10CB}.Debug|Mixed Platforms.Build.0 = Debug|Any CPU
		{254A1CF2-7BAA-47A9-B613-F6C3F6AB10CB}.Debug|x86.ActiveCfg = Debug|Any CPU
		{254A1CF2-7BAA-47A9-B613-F6C3F6AB10CB}.Release|Any CPU.ActiveCfg = Release|Any CPU
		{254A1CF2-7BAA-47A9-B613-F6C3F6AB10CB}.Release|Any CPU.Build.0 = Release|Any CPU
		{254A1CF2-7BAA-47A9-B613-F6C3F6AB10CB}.Release|Mixed Platforms.ActiveCfg = Release|Any CPU
		{254A1CF2-7BAA-47A9-B613-F6C3F6AB10CB}.Release|Mixed Platforms.Build.0 = Release|Any CPU
		{254A1CF2-7BAA-47A9-B613-F6C3F6AB10CB}.Release|x86.ActiveCfg = Release|Any CPU
		{3F18EB63-1DA5-488B-BC06-F461A79352CA}.Debug|Any CPU.ActiveCfg = Debug|Any CPU
		{3F18EB63-1DA5-488B-BC06-F461A79352CA}.Debug|Any CPU.Build.0 = Debug|Any CPU
		{3F18EB63-1DA5-488B-BC06-F461A79352CA}.Debug|Mixed Platforms.ActiveCfg = Debug|Any CPU
		{3F18EB63-1DA5-488B-BC06-F461A79352CA}.Debug|Mixed Platforms.Build.0 = Debug|Any CPU
		{3F18EB63-1DA5-488B-BC06-F461A79352CA}.Debug|x86.ActiveCfg = Debug|Any CPU
		{3F18EB63-1DA5-488B-BC06-F461A79352CA}.Release|Any CPU.ActiveCfg = Release|Any CPU
		{3F18EB63-1DA5-488B-BC06-F461A79352CA}.Release|Any CPU.Build.0 = Release|Any CPU
		{3F18EB63-1DA5-488B-BC06-F461A79352CA}.Release|Mixed Platforms.ActiveCfg = Release|Any CPU
		{3F18EB63-1DA5-488B-BC06-F461A79352CA}.Release|Mixed Platforms.Build.0 = Release|Any CPU
		{3F18EB63-1DA5-488B-BC06-F461A79352CA}.Release|x86.ActiveCfg = Release|Any CPU
		{260D8997-0D36-46D8-B9D4-7B2865179855}.Debug|Any CPU.ActiveCfg = Debug|Any CPU
		{260D8997-0D36-46D8-B9D4-7B2865179855}.Debug|Any CPU.Build.0 = Debug|Any CPU
		{260D8997-0D36-46D8-B9D4-7B2865179855}.Debug|Mixed Platforms.ActiveCfg = Debug|Any CPU
		{260D8997-0D36-46D8-B9D4-7B2865179855}.Debug|Mixed Platforms.Build.0 = Debug|Any CPU
		{260D8997-0D36-46D8-B9D4-7B2865179855}.Debug|x86.ActiveCfg = Debug|Any CPU
		{260D8997-0D36-46D8-B9D4-7B2865179855}.Release|Any CPU.ActiveCfg = Release|Any CPU
		{260D8997-0D36-46D8-B9D4-7B2865179855}.Release|Any CPU.Build.0 = Release|Any CPU
		{260D8997-0D36-46D8-B9D4-7B2865179855}.Release|Mixed Platforms.ActiveCfg = Release|Any CPU
		{260D8997-0D36-46D8-B9D4-7B2865179855}.Release|Mixed Platforms.Build.0 = Release|Any CPU
		{260D8997-0D36-46D8-B9D4-7B2865179855}.Release|x86.ActiveCfg = Release|Any CPU
	EndGlobalSection
	GlobalSection(SolutionProperties) = preSolution
		HideSolutionNode = FALSE
	EndGlobalSection
EndGlobal
